
Microsoft Visual Studio Solution File, Format Version 12.00
# Visual Studio Version 17
VisualStudioVersion = 17.5.002.0
MinimumVisualStudioVersion = 10.0.40219.1
Project("{2150E333-8FDC-42A3-9474-1A3956D46DE8}") = "src", "src", "{2A5493FC-2836-44FE-AA83-E048C12293F4}"
EndProject
Project("{FAE04EC0-301F-11D3-BF4B-00C04F79EFBC}") = "Moedim.GenAI.Demos.Abstractions", "src\Moedim.GenAI.Demos.Abstractions\Moedim.GenAI.Demos.Abstractions.csproj", "{D291380B-4398-4B93-9EE3-67AA7B81AF9F}"
EndProject
Project("{FAE04EC0-301F-11D3-BF4B-00C04F79EFBC}") = "Moedim.GenAI.Demos.App", "src\Moedim.GenAI.Demos.App\Moedim.GenAI.Demos.App.csproj", "{2B10F463-60B9-4BF2-A30F-45A5CAB2B907}"
EndProject
Global
	GlobalSection(SolutionConfigurationPlatforms) = preSolution
		Debug|Any CPU = Debug|Any CPU
		Release|Any CPU = Release|Any CPU
	EndGlobalSection
	GlobalSection(ProjectConfigurationPlatforms) = postSolution
		{D291380B-4398-4B93-9EE3-67AA7B81AF9F}.Debug|Any CPU.ActiveCfg = Debug|Any CPU
		{D291380B-4398-4B93-9EE3-67AA7B81AF9F}.Debug|Any CPU.Build.0 = Debug|Any CPU
		{D291380B-4398-4B93-9EE3-67AA7B81AF9F}.Release|Any CPU.ActiveCfg = Release|Any CPU
		{D291380B-4398-4B93-9EE3-67AA7B81AF9F}.Release|Any CPU.Build.0 = Release|Any CPU
		{2B10F463-60B9-4BF2-A30F-45A5CAB2B907}.Debug|Any CPU.ActiveCfg = Debug|Any CPU
		{2B10F463-60B9-4BF2-A30F-45A5CAB2B907}.Debug|Any CPU.Build.0 = Debug|Any CPU
		{2B10F463-60B9-4BF2-A30F-45A5CAB2B907}.Release|Any CPU.ActiveCfg = Release|Any CPU
		{2B10F463-60B9-4BF2-A30F-45A5CAB2B907}.Release|Any CPU.Build.0 = Release|Any CPU
	EndGlobalSection
	GlobalSection(SolutionProperties) = preSolution
		HideSolutionNode = FALSE
	EndGlobalSection
	GlobalSection(NestedProjects) = preSolution
		{D291380B-4398-4B93-9EE3-67AA7B81AF9F} = {2A5493FC-2836-44FE-AA83-E048C12293F4}
		{2B10F463-60B9-4BF2-A30F-45A5CAB2B907} = {2A5493FC-2836-44FE-AA83-E048C12293F4}
	EndGlobalSection
	GlobalSection(ExtensibilityGlobals) = postSolution
		SolutionGuid = {EDF2AD36-BE18-4559-8329-6329F9DC1C7E}
	EndGlobalSection
EndGlobal
